
Microsoft Visual Studio Solution File, Format Version 12.00
# Visual Studio Version 17
VisualStudioVersion = 17.5.33530.505
MinimumVisualStudioVersion = 10.0.40219.1
Project("{FAE04EC0-301F-11D3-BF4B-00C04F79EFBC}") = "ExamAzure", "ExamAzure\ExamAzure.csproj", "{DA3A7FE7-796E-4FC5-A623-CD8C6D1552B6}"
EndProject
Global
	GlobalSection(SolutionConfigurationPlatforms) = preSolution
		Debug|Any CPU = Debug|Any CPU
		Release|Any CPU = Release|Any CPU
	EndGlobalSection
	GlobalSection(ProjectConfigurationPlatforms) = postSolution
		{DA3A7FE7-796E-4FC5-A623-CD8C6D1552B6}.Debug|Any CPU.ActiveCfg = Debug|Any CPU
		{DA3A7FE7-796E-4FC5-A623-CD8C6D1552B6}.Debug|Any CPU.Build.0 = Debug|Any CPU
		{DA3A7FE7-796E-4FC5-A623-CD8C6D1552B6}.Release|Any CPU.ActiveCfg = Release|Any CPU
		{DA3A7FE7-796E-4FC5-A623-CD8C6D1552B6}.Release|Any CPU.Build.0 = Release|Any CPU
	EndGlobalSection
	GlobalSection(SolutionProperties) = preSolution
		HideSolutionNode = FALSE
	EndGlobalSection
	GlobalSection(ExtensibilityGlobals) = postSolution
		SolutionGuid = {EE329CE6-401F-48D6-A9C6-F658CB852A1E}
	EndGlobalSection
EndGlobal
